
Microsoft Visual Studio Solution File, Format Version 12.00
# Visual Studio Version 17
VisualStudioVersion = 17.11.35312.102
MinimumVisualStudioVersion = 10.0.40219.1
Project("{FAE04EC0-301F-11D3-BF4B-00C04F79EFBC}") = "Evaluación1c#", "Evaluación1c#.csproj", "{7E1FC422-9969-44B4-924A-7026618F4947}"
EndProject
Global
	GlobalSection(SolutionConfigurationPlatforms) = preSolution
		Debug|Any CPU = Debug|Any CPU
		Release|Any CPU = Release|Any CPU
	EndGlobalSection
	GlobalSection(ProjectConfigurationPlatforms) = postSolution
		{7E1FC422-9969-44B4-924A-7026618F4947}.Debug|Any CPU.ActiveCfg = Debug|Any CPU
		{7E1FC422-9969-44B4-924A-7026618F4947}.Debug|Any CPU.Build.0 = Debug|Any CPU
		{7E1FC422-9969-44B4-924A-7026618F4947}.Release|Any CPU.ActiveCfg = Release|Any CPU
		{7E1FC422-9969-44B4-924A-7026618F4947}.Release|Any CPU.Build.0 = Release|Any CPU
	EndGlobalSection
	GlobalSection(SolutionProperties) = preSolution
		HideSolutionNode = FALSE
	EndGlobalSection
	GlobalSection(ExtensibilityGlobals) = postSolution
		SolutionGuid = {1EA7C4D1-FE2C-4DDE-874A-525CA369A51E}
	EndGlobalSection
EndGlobal
